{
  "pins" : [
    {
      "identity" : "alamofire",
      "kind" : "remoteSourceControl",
      "location" : "https://github.com/Alamofire/Alamofire.git",
      "state" : {
        "revision" : "78424be314842833c04bc3bef5b72e85fff99204",
        "version" : "5.6.4"
      }
    },
    {
      "identity" : "ncmb_swift",
      "kind" : "remoteSourceControl",
      "location" : "https://github.com/NIFCLOUD-mbaas/ncmb_swift",
      "state" : {
        "revision" : "916c5c4781965e6874c06adf6e3c98325cf0bfce",
        "version" : "1.3.0"
      }
    }
  ],
  "version" : 2
}
